// !$*UTF8*$!
{
	archiveVersion = 1;
	classes = {
	};
	objectVersion = 77;
	objects = {

/* Begin PBXBuildFile section */
		8B1287BC2CA2903700F8BA04 /* CameraPermission.swift in Sources */ = {isa = PBXBuildFile; fileRef = 8B1287AA2CA2903700F8BA04 /* CameraPermission.swift */; };
		8B1287BD2CA2903700F8BA04 /* Constants.swift in Sources */ = {isa = PBXBuildFile; fileRef = 8B1287AB2CA2903700F8BA04 /* Constants.swift */; };
		8B1287BE2CA2903700F8BA04 /* ImagePicker.swift in Sources */ = {isa = PBXBuildFile; fileRef = 8B1287AC2CA2903700F8BA04 /* ImagePicker.swift */; };
		8B1287BF2CA2903700F8BA04 /* UIKitCamera.swift in Sources */ = {isa = PBXBuildFile; fileRef = 8B1287AD2CA2903700F8BA04 /* UIKitCamera.swift */; };
		8B1287C22CA2903700F8BA04 /* NewImageView.swift in Sources */ = {isa = PBXBuildFile; fileRef = 8B1287B12CA2903700F8BA04 /* NewImageView.swift */; };
		8B1287C32CA2903700F8BA04 /* NewImageViewModel.swift in Sources */ = {isa = PBXBuildFile; fileRef = 8B1287B22CA2903700F8BA04 /* NewImageViewModel.swift */; };
		8B1287C42CA2903700F8BA04 /* PhotosListView.swift in Sources */ = {isa = PBXBuildFile; fileRef = 8B1287B72CA2903700F8BA04 /* PhotosListView.swift */; };
		8B1287C52CA2903700F8BA04 /* Photo_Translate.swift in Sources */ = {isa = PBXBuildFile; fileRef = 8B1287B82CA2903700F8BA04 /* Photo_Translate.swift */; };
		8B1287C62CA2903700F8BA04 /* ImageModel.swift in Sources */ = {isa = PBXBuildFile; fileRef = 8B1287B92CA2903700F8BA04 /* ImageModel.swift */; };
		8B1287C72CA2903700F8BA04 /* ImageView.swift in Sources */ = {isa = PBXBuildFile; fileRef = 8B1287BA2CA2903700F8BA04 /* ImageView.swift */; };
		8B1287C82CA2903700F8BA04 /* Preview Assets.xcassets in Resources */ = {isa = PBXBuildFile; fileRef = 8B1287B42CA2903700F8BA04 /* Preview Assets.xcassets */; };
		8B1287C92CA2903700F8BA04 /* Assets.xcassets in Resources */ = {isa = PBXBuildFile; fileRef = 8B1287B62CA2903700F8BA04 /* Assets.xcassets */; };
		8B1287CD2CABBFC000F8BA04 /* PreviewModifiers.swift in Sources */ = {isa = PBXBuildFile; fileRef = 8B1287CC2CABBFC000F8BA04 /* PreviewModifiers.swift */; };
		8B1287D12CAFA68A00F8BA04 /* FastViTMA36F16.mlpackage in Sources */ = {isa = PBXBuildFile; fileRef = 8B1287D02CAFA68A00F8BA04 /* FastViTMA36F16.mlpackage */; };
		8B1287D52CB05B2800F8BA04 /* Classifier.swift in Sources */ = {isa = PBXBuildFile; fileRef = 8B1287D42CB05B2800F8BA04 /* Classifier.swift */; };
/* End PBXBuildFile section */

/* Begin PBXFileReference section */
		8B1287102CA2896100F8BA04 /* PhotoTranslateApp.app */ = {isa = PBXFileReference; explicitFileType = wrapper.application; includeInIndex = 0; path = PhotoTranslateApp.app; sourceTree = BUILT_PRODUCTS_DIR; };
		8B1287AA2CA2903700F8BA04 /* CameraPermission.swift */ = {isa = PBXFileReference; lastKnownFileType = sourcecode.swift; path = CameraPermission.swift; sourceTree = "<group>"; };
		8B1287AB2CA2903700F8BA04 /* Constants.swift */ = {isa = PBXFileReference; lastKnownFileType = sourcecode.swift; path = Constants.swift; sourceTree = "<group>"; };
		8B1287AC2CA2903700F8BA04 /* ImagePicker.swift */ = {isa = PBXFileReference; lastKnownFileType = sourcecode.swift; path = ImagePicker.swift; sourceTree = "<group>"; };
		8B1287AD2CA2903700F8BA04 /* UIKitCamera.swift */ = {isa = PBXFileReference; lastKnownFileType = sourcecode.swift; path = UIKitCamera.swift; sourceTree = "<group>"; };
		8B1287B12CA2903700F8BA04 /* NewImageView.swift */ = {isa = PBXFileReference; lastKnownFileType = sourcecode.swift; path = NewImageView.swift; sourceTree = "<group>"; };
		8B1287B22CA2903700F8BA04 /* NewImageViewModel.swift */ = {isa = PBXFileReference; lastKnownFileType = sourcecode.swift; path = NewImageViewModel.swift; sourceTree = "<group>"; };
		8B1287B42CA2903700F8BA04 /* Preview Assets.xcassets */ = {isa = PBXFileReference; lastKnownFileType = folder.assetcatalog; path = "Preview Assets.xcassets"; sourceTree = "<group>"; };
		8B1287B62CA2903700F8BA04 /* Assets.xcassets */ = {isa = PBXFileReference; lastKnownFileType = folder.assetcatalog; path = Assets.xcassets; sourceTree = "<group>"; };
		8B1287B72CA2903700F8BA04 /* PhotosListView.swift */ = {isa = PBXFileReference; lastKnownFileType = sourcecode.swift; path = PhotosListView.swift; sourceTree = "<group>"; };
		8B1287B82CA2903700F8BA04 /* Photo_Translate.swift */ = {isa = PBXFileReference; lastKnownFileType = sourcecode.swift; path = Photo_Translate.swift; sourceTree = "<group>"; };
		8B1287B92CA2903700F8BA04 /* ImageModel.swift */ = {isa = PBXFileReference; lastKnownFileType = sourcecode.swift; path = ImageModel.swift; sourceTree = "<group>"; };
		8B1287BA2CA2903700F8BA04 /* ImageView.swift */ = {isa = PBXFileReference; lastKnownFileType = sourcecode.swift; path = ImageView.swift; sourceTree = "<group>"; };
		8B1287CC2CABBFC000F8BA04 /* PreviewModifiers.swift */ = {isa = PBXFileReference; lastKnownFileType = sourcecode.swift; path = PreviewModifiers.swift; sourceTree = "<group>"; };
		8B1287CE2CABCD6100F8BA04 /* Info.plist */ = {isa = PBXFileReference; lastKnownFileType = text.plist; path = Info.plist; sourceTree = "<group>"; };
		8B1287D02CAFA68A00F8BA04 /* FastViTMA36F16.mlpackage */ = {isa = PBXFileReference; lastKnownFileType = folder.mlpackage; path = FastViTMA36F16.mlpackage; sourceTree = "<group>"; };
		8B1287D42CB05B2800F8BA04 /* Classifier.swift */ = {isa = PBXFileReference; lastKnownFileType = sourcecode.swift; path = Classifier.swift; sourceTree = "<group>"; };
/* End PBXFileReference section */

/* Begin PBXFrameworksBuildPhase section */
		8B12870D2CA2896100F8BA04 /* Frameworks */ = {
			isa = PBXFrameworksBuildPhase;
			buildActionMask = 2147483647;
			files = (
			);
			runOnlyForDeploymentPostprocessing = 0;
		};
/* End PBXFrameworksBuildPhase section */

/* Begin PBXGroup section */
		8B1287072CA2896100F8BA04 = {
			isa = PBXGroup;
			children = (
				8B1287BB2CA2903700F8BA04 /* PhotoTranslateApp */,
				8B1287112CA2896100F8BA04 /* Products */,
			);
			sourceTree = "<group>";
		};
		8B1287112CA2896100F8BA04 /* Products */ = {
			isa = PBXGroup;
			children = (
				8B1287102CA2896100F8BA04 /* PhotoTranslateApp.app */,
			);
			name = Products;
			sourceTree = "<group>";
		};
		8B1287AF2CA2903700F8BA04 /* ImagePicker_Camera */ = {
			isa = PBXGroup;
			children = (
				8B1287AB2CA2903700F8BA04 /* Constants.swift */,
				8B1287AC2CA2903700F8BA04 /* ImagePicker.swift */,
				8B1287AA2CA2903700F8BA04 /* CameraPermission.swift */,
				8B1287AD2CA2903700F8BA04 /* UIKitCamera.swift */,
			);
			path = ImagePicker_Camera;
			sourceTree = "<group>";
		};
		8B1287B32CA2903700F8BA04 /* Model Edits */ = {
			isa = PBXGroup;
			children = (
				8B1287B22CA2903700F8BA04 /* NewImageViewModel.swift */,
				8B1287B12CA2903700F8BA04 /* NewImageView.swift */,
			);
			path = "Model Edits";
			sourceTree = "<group>";
		};
		8B1287B52CA2903700F8BA04 /* Preview Content */ = {
			isa = PBXGroup;
			children = (
				8B1287B42CA2903700F8BA04 /* Preview Assets.xcassets */,
			);
			path = "Preview Content";
			sourceTree = "<group>";
		};
		8B1287BB2CA2903700F8BA04 /* PhotoTranslateApp */ = {
			isa = PBXGroup;
			children = (
				8B1287D32CB05B1300F8BA04 /* ImageRecog */,
				8B1287D22CAFA69300F8BA04 /* ImageRecogModel */,
				8B1287CE2CABCD6100F8BA04 /* Info.plist */,
				8B1287B82CA2903700F8BA04 /* Photo_Translate.swift */,
				8B1287B72CA2903700F8BA04 /* PhotosListView.swift */,
				8B1287BA2CA2903700F8BA04 /* ImageView.swift */,
				8B1287B92CA2903700F8BA04 /* ImageModel.swift */,
				8B1287CC2CABBFC000F8BA04 /* PreviewModifiers.swift */,
				8B1287B32CA2903700F8BA04 /* Model Edits */,
				8B1287AF2CA2903700F8BA04 /* ImagePicker_Camera */,
				8B1287B62CA2903700F8BA04 /* Assets.xcassets */,
				8B1287B52CA2903700F8BA04 /* Preview Content */,
			);
			path = PhotoTranslateApp;
			sourceTree = "<group>";
		};
		8B1287D22CAFA69300F8BA04 /* ImageRecogModel */ = {
			isa = PBXGroup;
			children = (
				8B1287D02CAFA68A00F8BA04 /* FastViTMA36F16.mlpackage */,
			);
			path = ImageRecogModel;
			sourceTree = "<group>";
		};
		8B1287D32CB05B1300F8BA04 /* ImageRecog */ = {
			isa = PBXGroup;
			children = (
				8B1287D42CB05B2800F8BA04 /* Classifier.swift */,
			);
			path = ImageRecog;
			sourceTree = "<group>";
		};
/* End PBXGroup section */

/* Begin PBXNativeTarget section */
		8B12870F2CA2896100F8BA04 /* PhotoTranslateApp */ = {
			isa = PBXNativeTarget;
			buildConfigurationList = 8B12871E2CA2896200F8BA04 /* Build configuration list for PBXNativeTarget "PhotoTranslateApp" */;
			buildPhases = (
				8B12870C2CA2896100F8BA04 /* Sources */,
				8B12870D2CA2896100F8BA04 /* Frameworks */,
				8B12870E2CA2896100F8BA04 /* Resources */,
			);
			buildRules = (
			);
			dependencies = (
			);
			name = PhotoTranslateApp;
			packageProductDependencies = (
			);
			productName = PhotoTranslateApp;
			productReference = 8B1287102CA2896100F8BA04 /* PhotoTranslateApp.app */;
			productType = "com.apple.product-type.application";
		};
/* End PBXNativeTarget section */

/* Begin PBXProject section */
		8B1287082CA2896100F8BA04 /* Project object */ = {
			isa = PBXProject;
			attributes = {
				BuildIndependentTargetsInParallel = 1;
				LastSwiftUpdateCheck = 1600;
				LastUpgradeCheck = 1600;
				TargetAttributes = {
					8B12870F2CA2896100F8BA04 = {
						CreatedOnToolsVersion = 16.0;
					};
				};
			};
			buildConfigurationList = 8B12870B2CA2896100F8BA04 /* Build configuration list for PBXProject "PhotoTranslateApp" */;
			developmentRegion = en;
			hasScannedForEncodings = 0;
			knownRegions = (
				en,
				Base,
			);
			mainGroup = 8B1287072CA2896100F8BA04;
			minimizedProjectReferenceProxies = 1;
			preferredProjectObjectVersion = 77;
			productRefGroup = 8B1287112CA2896100F8BA04 /* Products */;
			projectDirPath = "";
			projectRoot = "";
			targets = (
				8B12870F2CA2896100F8BA04 /* PhotoTranslateApp */,
			);
		};
/* End PBXProject section */

/* Begin PBXResourcesBuildPhase section */
		8B12870E2CA2896100F8BA04 /* Resources */ = {
			isa = PBXResourcesBuildPhase;
			buildActionMask = 2147483647;
			files = (
				8B1287C82CA2903700F8BA04 /* Preview Assets.xcassets in Resources */,
				8B1287C92CA2903700F8BA04 /* Assets.xcassets in Resources */,
			);
			runOnlyForDeploymentPostprocessing = 0;
		};
/* End PBXResourcesBuildPhase section */

/* Begin PBXSourcesBuildPhase section */
		8B12870C2CA2896100F8BA04 /* Sources */ = {
			isa = PBXSourcesBuildPhase;
			buildActionMask = 2147483647;
			files = (
				8B1287BC2CA2903700F8BA04 /* CameraPermission.swift in Sources */,
				8B1287BD2CA2903700F8BA04 /* Constants.swift in Sources */,
				8B1287BE2CA2903700F8BA04 /* ImagePicker.swift in Sources */,
				8B1287D52CB05B2800F8BA04 /* Classifier.swift in Sources */,
				8B1287BF2CA2903700F8BA04 /* UIKitCamera.swift in Sources */,
				8B1287C22CA2903700F8BA04 /* NewImageView.swift in Sources */,
				8B1287C32CA2903700F8BA04 /* NewImageViewModel.swift in Sources */,
				8B1287C42CA2903700F8BA04 /* PhotosListView.swift in Sources */,
				8B1287C52CA2903700F8BA04 /* Photo_Translate.swift in Sources */,
				8B1287D12CAFA68A00F8BA04 /* FastViTMA36F16.mlpackage in Sources */,
				8B1287C62CA2903700F8BA04 /* ImageModel.swift in Sources */,
				8B1287CD2CABBFC000F8BA04 /* PreviewModifiers.swift in Sources */,
				8B1287C72CA2903700F8BA04 /* ImageView.swift in Sources */,
			);
			runOnlyForDeploymentPostprocessing = 0;
		};
/* End PBXSourcesBuildPhase section */

/* Begin XCBuildConfiguration section */
		8B12871C2CA2896200F8BA04 /* Debug */ = {
			isa = XCBuildConfiguration;
			buildSettings = {
				ALWAYS_SEARCH_USER_PATHS = NO;
				ASSETCATALOG_COMPILER_GENERATE_SWIFT_ASSET_SYMBOL_EXTENSIONS = YES;
				CLANG_ANALYZER_NONNULL = YES;
				CLANG_ANALYZER_NUMBER_OBJECT_CONVERSION = YES_AGGRESSIVE;
				CLANG_CXX_LANGUAGE_STANDARD = "gnu++20";
				CLANG_ENABLE_MODULES = YES;
				CLANG_ENABLE_OBJC_ARC = YES;
				CLANG_ENABLE_OBJC_WEAK = YES;
				CLANG_WARN_BLOCK_CAPTURE_AUTORELEASING = YES;
				CLANG_WARN_BOOL_CONVERSION = YES;
				CLANG_WARN_COMMA = YES;
				CLANG_WARN_CONSTANT_CONVERSION = YES;
				CLANG_WARN_DEPRECATED_OBJC_IMPLEMENTATIONS = YES;
				CLANG_WARN_DIRECT_OBJC_ISA_USAGE = YES_ERROR;
				CLANG_WARN_DOCUMENTATION_COMMENTS = YES;
				CLANG_WARN_EMPTY_BODY = YES;
				CLANG_WARN_ENUM_CONVERSION = YES;
				CLANG_WARN_INFINITE_RECURSION = YES;
				CLANG_WARN_INT_CONVERSION = YES;
				CLANG_WARN_NON_LITERAL_NULL_CONVERSION = YES;
				CLANG_WARN_OBJC_IMPLICIT_RETAIN_SELF = YES;
				CLANG_WARN_OBJC_LITERAL_CONVERSION = YES;
				CLANG_WARN_OBJC_ROOT_CLASS = YES_ERROR;
				CLANG_WARN_QUOTED_INCLUDE_IN_FRAMEWORK_HEADER = YES;
				CLANG_WARN_RANGE_LOOP_ANALYSIS = YES;
				CLANG_WARN_STRICT_PROTOTYPES = YES;
				CLANG_WARN_SUSPICIOUS_MOVE = YES;
				CLANG_WARN_UNGUARDED_AVAILABILITY = YES_AGGRESSIVE;
				CLANG_WARN_UNREACHABLE_CODE = YES;
				CLANG_WARN__DUPLICATE_METHOD_MATCH = YES;
				COPY_PHASE_STRIP = NO;
				DEBUG_INFORMATION_FORMAT = dwarf;
				ENABLE_STRICT_OBJC_MSGSEND = YES;
				ENABLE_TESTABILITY = YES;
				ENABLE_USER_SCRIPT_SANDBOXING = YES;
				GCC_C_LANGUAGE_STANDARD = gnu17;
				GCC_DYNAMIC_NO_PIC = NO;
				GCC_NO_COMMON_BLOCKS = YES;
				GCC_OPTIMIZATION_LEVEL = 0;
				GCC_PREPROCESSOR_DEFINITIONS = (
					"DEBUG=1",
					"$(inherited)",
				);
				GCC_WARN_64_TO_32_BIT_CONVERSION = YES;
				GCC_WARN_ABOUT_RETURN_TYPE = YES_ERROR;
				GCC_WARN_UNDECLARED_SELECTOR = YES;
				GCC_WARN_UNINITIALIZED_AUTOS = YES_AGGRESSIVE;
				GCC_WARN_UNUSED_FUNCTION = YES;
				GCC_WARN_UNUSED_VARIABLE = YES;
				IPHONEOS_DEPLOYMENT_TARGET = 18.0;
				LOCALIZATION_PREFERS_STRING_CATALOGS = YES;
				MTL_ENABLE_DEBUG_INFO = INCLUDE_SOURCE;
				MTL_FAST_MATH = YES;
				ONLY_ACTIVE_ARCH = YES;
				SDKROOT = iphoneos;
				SWIFT_ACTIVE_COMPILATION_CONDITIONS = "DEBUG $(inherited)";
				SWIFT_OPTIMIZATION_LEVEL = "-Onone";
			};
			name = Debug;
		};
		8B12871D2CA2896200F8BA04 /* Release */ = {
			isa = XCBuildConfiguration;
			buildSettings = {
				ALWAYS_SEARCH_USER_PATHS = NO;
				ASSETCATALOG_COMPILER_GENERATE_SWIFT_ASSET_SYMBOL_EXTENSIONS = YES;
				CLANG_ANALYZER_NONNULL = YES;
				CLANG_ANALYZER_NUMBER_OBJECT_CONVERSION = YES_AGGRESSIVE;
				CLANG_CXX_LANGUAGE_STANDARD = "gnu++20";
				CLANG_ENABLE_MODULES = YES;
				CLANG_ENABLE_OBJC_ARC = YES;
				CLANG_ENABLE_OBJC_WEAK = YES;
				CLANG_WARN_BLOCK_CAPTURE_AUTORELEASING = YES;
				CLANG_WARN_BOOL_CONVERSION = YES;
				CLANG_WARN_COMMA = YES;
				CLANG_WARN_CONSTANT_CONVERSION = YES;
				CLANG_WARN_DEPRECATED_OBJC_IMPLEMENTATIONS = YES;
				CLANG_WARN_DIRECT_OBJC_ISA_USAGE = YES_ERROR;
				CLANG_WARN_DOCUMENTATION_COMMENTS = YES;
				CLANG_WARN_EMPTY_BODY = YES;
				CLANG_WARN_ENUM_CONVERSION = YES;
				CLANG_WARN_INFINITE_RECURSION = YES;
				CLANG_WARN_INT_CONVERSION = YES;
				CLANG_WARN_NON_LITERAL_NULL_CONVERSION = YES;
				CLANG_WARN_OBJC_IMPLICIT_RETAIN_SELF = YES;
				CLANG_WARN_OBJC_LITERAL_CONVERSION = YES;
				CLANG_WARN_OBJC_ROOT_CLASS = YES_ERROR;
				CLANG_WARN_QUOTED_INCLUDE_IN_FRAMEWORK_HEADER = YES;
				CLANG_WARN_RANGE_LOOP_ANALYSIS = YES;
				CLANG_WARN_STRICT_PROTOTYPES = YES;
				CLANG_WARN_SUSPICIOUS_MOVE = YES;
				CLANG_WARN_UNGUARDED_AVAILABILITY = YES_AGGRESSIVE;
				CLANG_WARN_UNREACHABLE_CODE = YES;
				CLANG_WARN__DUPLICATE_METHOD_MATCH = YES;
				COPY_PHASE_STRIP = NO;
				DEBUG_INFORMATION_FORMAT = "dwarf-with-dsym";
				ENABLE_NS_ASSERTIONS = NO;
				ENABLE_STRICT_OBJC_MSGSEND = YES;
				ENABLE_USER_SCRIPT_SANDBOXING = YES;
				GCC_C_LANGUAGE_STANDARD = gnu17;
				GCC_NO_COMMON_BLOCKS = YES;
				GCC_WARN_64_TO_32_BIT_CONVERSION = YES;
				GCC_WARN_ABOUT_RETURN_TYPE = YES_ERROR;
				GCC_WARN_UNDECLARED_SELECTOR = YES;
				GCC_WARN_UNINITIALIZED_AUTOS = YES_AGGRESSIVE;
				GCC_WARN_UNUSED_FUNCTION = YES;
				GCC_WARN_UNUSED_VARIABLE = YES;
				IPHONEOS_DEPLOYMENT_TARGET = 18.0;
				LOCALIZATION_PREFERS_STRING_CATALOGS = YES;
				MTL_ENABLE_DEBUG_INFO = NO;
				MTL_FAST_MATH = YES;
				SDKROOT = iphoneos;
				SWIFT_COMPILATION_MODE = wholemodule;
				VALIDATE_PRODUCT = YES;
			};
			name = Release;
		};
		8B12871F2CA2896200F8BA04 /* Debug */ = {
			isa = XCBuildConfiguration;
			buildSettings = {
				ASSETCATALOG_COMPILER_APPICON_NAME = AppIcon;
				ASSETCATALOG_COMPILER_GLOBAL_ACCENT_COLOR_NAME = AccentColor;
				CODE_SIGN_STYLE = Automatic;
				CURRENT_PROJECT_VERSION = 1;
				DEVELOPMENT_ASSET_PATHS = "\"PhotoTranslateApp/Preview Content\"";
				ENABLE_PREVIEWS = YES;
				GENERATE_INFOPLIST_FILE = YES;
				INFOPLIST_FILE = PhotoTranslateApp/Info.plist;
				INFOPLIST_KEY_NSCameraUsageDescription = "Permission required to take photos with the camera";
				INFOPLIST_KEY_UIApplicationSceneManifest_Generation = YES;
				INFOPLIST_KEY_UIApplicationSupportsIndirectInputEvents = YES;
				INFOPLIST_KEY_UILaunchScreen_Generation = YES;
				INFOPLIST_KEY_UISupportedInterfaceOrientations_iPad = "UIInterfaceOrientationPortrait UIInterfaceOrientationPortraitUpsideDown UIInterfaceOrientationLandscapeLeft UIInterfaceOrientationLandscapeRight";
				INFOPLIST_KEY_UISupportedInterfaceOrientations_iPhone = "UIInterfaceOrientationPortrait UIInterfaceOrientationLandscapeLeft UIInterfaceOrientationLandscapeRight";
				LD_RUNPATH_SEARCH_PATHS = (
					"$(inherited)",
					"@executable_path/Frameworks",
				);
				MARKETING_VERSION = 1.0;
				PRODUCT_BUNDLE_IDENTIFIER = com.kobe.PhotoTranslateApp;
				PRODUCT_NAME = "$(TARGET_NAME)";
				SWIFT_EMIT_LOC_STRINGS = YES;
				SWIFT_VERSION = 5.0;
				TARGETED_DEVICE_FAMILY = "1,2";
			};
			name = Debug;
		};
		8B1287202CA2896200F8BA04 /* Release */ = {
			isa = XCBuildConfiguration;
			buildSettings = {
				ASSETCATALOG_COMPILER_APPICON_NAME = AppIcon;
				ASSETCATALOG_COMPILER_GLOBAL_ACCENT_COLOR_NAME = AccentColor;
				CODE_SIGN_STYLE = Automatic;
				CURRENT_PROJECT_VERSION = 1;
				DEVELOPMENT_ASSET_PATHS = "\"PhotoTranslateApp/Preview Content\"";
				ENABLE_PREVIEWS = YES;
				GENERATE_INFOPLIST_FILE = YES;
				INFOPLIST_FILE = PhotoTranslateApp/Info.plist;
				INFOPLIST_KEY_NSCameraUsageDescription = "Permission required to take photos with the camera";
				INFOPLIST_KEY_UIApplicationSceneManifest_Generation = YES;
				INFOPLIST_KEY_UIApplicationSupportsIndirectInputEvents = YES;
				INFOPLIST_KEY_UILaunchScreen_Generation = YES;
				INFOPLIST_KEY_UISupportedInterfaceOrientations_iPad = "UIInterfaceOrientationPortrait UIInterfaceOrientationPortraitUpsideDown UIInterfaceOrientationLandscapeLeft UIInterfaceOrientationLandscapeRight";
				INFOPLIST_KEY_UISupportedInterfaceOrientations_iPhone = "UIInterfaceOrientationPortrait UIInterfaceOrientationLandscapeLeft UIInterfaceOrientationLandscapeRight";
				LD_RUNPATH_SEARCH_PATHS = (
					"$(inherited)",
					"@executable_path/Frameworks",
				);
				MARKETING_VERSION = 1.0;
				PRODUCT_BUNDLE_IDENTIFIER = com.kobe.PhotoTranslateApp;
				PRODUCT_NAME = "$(TARGET_NAME)";
				SWIFT_EMIT_LOC_STRINGS = YES;
				SWIFT_VERSION = 5.0;
				TARGETED_DEVICE_FAMILY = "1,2";
			};
			name = Release;
		};
/* End XCBuildConfiguration section */

/* Begin XCConfigurationList section */
		8B12870B2CA2896100F8BA04 /* Build configuration list for PBXProject "PhotoTranslateApp" */ = {
			isa = XCConfigurationList;
			buildConfigurations = (
				8B12871C2CA2896200F8BA04 /* Debug */,
				8B12871D2CA2896200F8BA04 /* Release */,
			);
			defaultConfigurationIsVisible = 0;
			defaultConfigurationName = Release;
		};
		8B12871E2CA2896200F8BA04 /* Build configuration list for PBXNativeTarget "PhotoTranslateApp" */ = {
			isa = XCConfigurationList;
			buildConfigurations = (
				8B12871F2CA2896200F8BA04 /* Debug */,
				8B1287202CA2896200F8BA04 /* Release */,
			);
			defaultConfigurationIsVisible = 0;
			defaultConfigurationName = Release;
		};
/* End XCConfigurationList section */
	};
	rootObject = 8B1287082CA2896100F8BA04 /* Project object */;
}
